
Microsoft Visual Studio Solution File, Format Version 12.00
# Visual Studio Version 17
VisualStudioVersion = 17.8.34525.116
MinimumVisualStudioVersion = 10.0.40219.1
Project("{FAE04EC0-301F-11D3-BF4B-00C04F79EFBC}") = "MagicalGarbageTruck", "MagicalGarbageTruck.csproj", "{1B973B34-FEDC-438C-B043-23B2B2CCDBE2}"
EndProject
Global
	GlobalSection(SolutionConfigurationPlatforms) = preSolution
		Debug|Any CPU = Debug|Any CPU
		Release|Any CPU = Release|Any CPU
	EndGlobalSection
	GlobalSection(ProjectConfigurationPlatforms) = postSolution
		{1B973B34-FEDC-438C-B043-23B2B2CCDBE2}.Debug|Any CPU.ActiveCfg = Debug|Any CPU
		{1B973B34-FEDC-438C-B043-23B2B2CCDBE2}.Debug|Any CPU.Build.0 = Debug|Any CPU
		{1B973B34-FEDC-438C-B043-23B2B2CCDBE2}.Release|Any CPU.ActiveCfg = Release|Any CPU
		{1B973B34-FEDC-438C-B043-23B2B2CCDBE2}.Release|Any CPU.Build.0 = Release|Any CPU
	EndGlobalSection
	GlobalSection(SolutionProperties) = preSolution
		HideSolutionNode = FALSE
	EndGlobalSection
	GlobalSection(ExtensibilityGlobals) = postSolution
		SolutionGuid = {105D915D-3030-4089-8946-A1EE5A237DD1}
	EndGlobalSection
EndGlobal
